
Microsoft Visual Studio Solution File, Format Version 12.00
# Visual Studio Version 17
VisualStudioVersion = 17.4.33122.133
MinimumVisualStudioVersion = 10.0.40219.1
Project("{9A19103F-16F7-4668-BE54-9A1E7A4F7556}") = "Struct", "Struct\Struct.csproj", "{818AFE08-05A6-4CD2-B3A0-2601FC8A6759}"
EndProject
Project("{FAE04EC0-301F-11D3-BF4B-00C04F79EFBC}") = "StructTests", "StructTests\StructTests.csproj", "{5474B2C4-7427-4E4C-A340-994F552D45ED}"
EndProject
Global
	GlobalSection(SolutionConfigurationPlatforms) = preSolution
		Debug|Any CPU = Debug|Any CPU
		Release|Any CPU = Release|Any CPU
	EndGlobalSection
	GlobalSection(ProjectConfigurationPlatforms) = postSolution
		{818AFE08-05A6-4CD2-B3A0-2601FC8A6759}.Debug|Any CPU.ActiveCfg = Debug|Any CPU
		{818AFE08-05A6-4CD2-B3A0-2601FC8A6759}.Debug|Any CPU.Build.0 = Debug|Any CPU
		{818AFE08-05A6-4CD2-B3A0-2601FC8A6759}.Release|Any CPU.ActiveCfg = Release|Any CPU
		{818AFE08-05A6-4CD2-B3A0-2601FC8A6759}.Release|Any CPU.Build.0 = Release|Any CPU
		{5474B2C4-7427-4E4C-A340-994F552D45ED}.Debug|Any CPU.ActiveCfg = Debug|Any CPU
		{5474B2C4-7427-4E4C-A340-994F552D45ED}.Debug|Any CPU.Build.0 = Debug|Any CPU
		{5474B2C4-7427-4E4C-A340-994F552D45ED}.Release|Any CPU.ActiveCfg = Release|Any CPU
		{5474B2C4-7427-4E4C-A340-994F552D45ED}.Release|Any CPU.Build.0 = Release|Any CPU
	EndGlobalSection
	GlobalSection(SolutionProperties) = preSolution
		HideSolutionNode = FALSE
	EndGlobalSection
	GlobalSection(ExtensibilityGlobals) = postSolution
		SolutionGuid = {A3B31960-D3B5-4805-B60F-C4B40B362F58}
	EndGlobalSection
EndGlobal
